
Microsoft Visual Studio Solution File, Format Version 12.00
# Visual Studio 15
VisualStudioVersion = 15.0.27130.2026
MinimumVisualStudioVersion = 10.0.40219.1
Project("{FAE04EC0-301F-11D3-BF4B-00C04F79EFBC}") = "SS.Reward", "SS.Reward.csproj", "{B303F234-B877-48C5-A509-08F9A31D0A8B}"
EndProject
Global
	GlobalSection(SolutionConfigurationPlatforms) = preSolution
		Debug|Any CPU = Debug|Any CPU
		Release|Any CPU = Release|Any CPU
	EndGlobalSection
	GlobalSection(ProjectConfigurationPlatforms) = postSolution
		{B303F234-B877-48C5-A509-08F9A31D0A8B}.Debug|Any CPU.ActiveCfg = Debug|Any CPU
		{B303F234-B877-48C5-A509-08F9A31D0A8B}.Debug|Any CPU.Build.0 = Debug|Any CPU
		{B303F234-B877-48C5-A509-08F9A31D0A8B}.Release|Any CPU.ActiveCfg = Release|Any CPU
		{B303F234-B877-48C5-A509-08F9A31D0A8B}.Release|Any CPU.Build.0 = Release|Any CPU
	EndGlobalSection
	GlobalSection(SolutionProperties) = preSolution
		HideSolutionNode = FALSE
	EndGlobalSection
	GlobalSection(ExtensibilityGlobals) = postSolution
		SolutionGuid = {699EF423-00E1-46CA-B4EC-74A3E2E4A104}
	EndGlobalSection
EndGlobal
